{
  "name": "@bk/ui",
  "version": "0.3.2",
  "lockfileVersion": 3,
  "requires": true,
  "packages": {
    "": {
      "name": "@bk/ui",
      "version": "0.3.2",
      "license": "MIT",
      "dependencies": {
        "@bk/ui": "github:uquince6/bk-ui#v0.3.2"
      }
    },
    "node_modules/@bk/ui": {
      "version": "0.3.2",
      "resolved": "git+ssh://git@github.com/uquince6/bk-ui.git#5902171d5c879727590c5b8949f7ea3f1542065d",
      "license": "MIT"
    }
  }
}
